# THIS IS AN AUTOGENERATED FILE. DO NOT EDIT THIS FILE DIRECTLY.
# yarn lockfile v1


bindings@1.2.1, bindings@~1.2.1:
  version "1.2.1"
  resolved "https://registry.yarnpkg.com/bindings/-/bindings-1.2.1.tgz#14ad6113812d2d37d72e67b4cacb4bb726505f11"

boolbase@^1.0.0, boolbase@~1.0.0:
  version "1.0.0"
  resolved "https://registry.yarnpkg.com/boolbase/-/boolbase-1.0.0.tgz#68dff5fbe60c51eb37725ea9e3ed310dcc1e776e"

buffer-writer@1.0.1:
  version "1.0.1"
  resolved "https://registry.yarnpkg.com/buffer-writer/-/buffer-writer-1.0.1.tgz#22a936901e3029afcd7547eb4487ceb697a3bf08"

busboy@^0.2.14:
  version "0.2.14"
  resolved "https://registry.yarnpkg.com/busboy/-/busboy-0.2.14.tgz#6c2a622efcf47c57bbbe1e2a9c37ad36c7925453"
  dependencies:
    dicer "0.2.5"
    readable-stream "1.1.x"

clean-css@^4.1.7:
  version "4.1.11"
  resolved "https://registry.yarnpkg.com/clean-css/-/clean-css-4.1.11.tgz#2ecdf145aba38f54740f26cefd0ff3e03e125d6a"
  dependencies:
    source-map "0.5.x"

cookie@^0.3.1:
  version "0.3.1"
  resolved "https://registry.yarnpkg.com/cookie/-/cookie-0.3.1.tgz#e7e0a1f9ef43b4c8ba925c5c5a96e806d16873bb"

core-util-is@~1.0.0:
  version "1.0.2"
  resolved "https://registry.yarnpkg.com/core-util-is/-/core-util-is-1.0.2.tgz#b5fd54220aa2bc5ab57aab7140c940754503c1a7"

css-select@^1.3.0-rc0:
  version "1.3.0-rc0"
  resolved "https://registry.yarnpkg.com/css-select/-/css-select-1.3.0-rc0.tgz#6f93196aaae737666ea1036a8cb14a8fcb7a9231"
  dependencies:
    boolbase "^1.0.0"
    css-what "2.1"
    domutils "1.5.1"
    nth-check "^1.0.1"

css-what@2.1:
  version "2.1.0"
  resolved "https://registry.yarnpkg.com/css-what/-/css-what-2.1.0.tgz#9467d032c38cfaefb9f2d79501253062f87fa1bd"

dicer@0.2.5:
  version "0.2.5"
  resolved "https://registry.yarnpkg.com/dicer/-/dicer-0.2.5.tgz#5996c086bb33218c812c090bddc09cd12facb70f"
  dependencies:
    readable-stream "1.1.x"
    streamsearch "0.1.2"

dom-serializer@0, dom-serializer@^0.1.0:
  version "0.1.0"
  resolved "https://registry.yarnpkg.com/dom-serializer/-/dom-serializer-0.1.0.tgz#073c697546ce0780ce23be4a28e293e40bc30c82"
  dependencies:
    domelementtype "~1.1.1"
    entities "~1.1.1"

domelementtype@1, domelementtype@^1.3.0:
  version "1.3.0"
  resolved "https://registry.yarnpkg.com/domelementtype/-/domelementtype-1.3.0.tgz#b17aed82e8ab59e52dd9c19b1756e0fc187204c2"

domelementtype@~1.1.1:
  version "1.1.3"
  resolved "https://registry.yarnpkg.com/domelementtype/-/domelementtype-1.1.3.tgz#bd28773e2642881aec51544924299c5cd822185b"

domhandler@^2.3.0:
  version "2.4.2"
  resolved "https://registry.yarnpkg.com/domhandler/-/domhandler-2.4.2.tgz#8805097e933d65e85546f726d60f5eb88b44f803"
  dependencies:
    domelementtype "1"

domutils@1.5.1:
  version "1.5.1"
  resolved "https://registry.yarnpkg.com/domutils/-/domutils-1.5.1.tgz#dcd8488a26f563d61079e48c9f7b7e32373682cf"
  dependencies:
    dom-serializer "0"
    domelementtype "1"

domutils@^1.5.1:
  version "1.7.0"
  resolved "https://registry.yarnpkg.com/domutils/-/domutils-1.7.0.tgz#56ea341e834e06e6748af7a1cb25da67ea9f8c2a"
  dependencies:
    dom-serializer "0"
    domelementtype "1"

entities@^1.1.1, entities@~1.1.1:
  version "1.1.1"
  resolved "https://registry.yarnpkg.com/entities/-/entities-1.1.1.tgz#6e5c2d0a5621b5dadaecef80b90edfb5cd7772f0"

error-class@^2.0.1:
  version "2.0.1"
  resolved "https://registry.yarnpkg.com/error-class/-/error-class-2.0.1.tgz#659a6c5cf38c969da2a1b1b09a87725ae71382e7"

esm@^3.0.62:
  version "3.0.62"
  resolved "https://registry.yarnpkg.com/esm/-/esm-3.0.62.tgz#a50a0609c685f11715e12563516e50e9e1981c4b"

event-lite@^0.1.1:
  version "0.1.1"
  resolved "https://registry.yarnpkg.com/event-lite/-/event-lite-0.1.1.tgz#47cf08a8d37d0b694cdb7b3b17b51faac6576086"

fast-crc32c@^1.0.4:
  version "1.0.4"
  resolved "https://registry.yarnpkg.com/fast-crc32c/-/fast-crc32c-1.0.4.tgz#a8b566e9aa2e23b6b4116cf3d8d07f5f522d54e3"
  optionalDependencies:
    sse4_crc32 "^5.0.0"

fortune-http@^1.2.8:
  version "1.2.8"
  resolved "https://registry.yarnpkg.com/fortune-http/-/fortune-http-1.2.8.tgz#8d7900398aeda332069b8f18fb0a7be2de752c46"
  dependencies:
    busboy "^0.2.14"
    clean-css "^4.1.7"
    cookie "^0.3.1"
    fast-crc32c "^1.0.4"
    negotiator "^0.6.1"
    simulacra "^2.1.7"

fortune-postgres@^1.6.4:
  version "1.6.4"
  resolved "https://registry.yarnpkg.com/fortune-postgres/-/fortune-postgres-1.6.4.tgz#11360b327a64ef4b06c332268cd31ad6502a19e4"
  dependencies:
    pg "^7.4.1"
  optionalDependencies:
    pg-native "^2.2.0"

fortune@^5.4.3:
  version "5.4.3"
  resolved "https://registry.yarnpkg.com/fortune/-/fortune-5.4.3.tgz#876afe98d8c63c19b3947ab9c7629f45bfa4cd22"
  dependencies:
    error-class "^2.0.1"
    event-lite "^0.1.1"

htmlparser2@^3.9.2:
  version "3.9.2"
  resolved "https://registry.yarnpkg.com/htmlparser2/-/htmlparser2-3.9.2.tgz#1bdf87acca0f3f9e53fa4fcceb0f4b4cbb00b338"
  dependencies:
    domelementtype "^1.3.0"
    domhandler "^2.3.0"
    domutils "^1.5.1"
    entities "^1.1.1"
    inherits "^2.0.1"
    readable-stream "^2.0.2"

inherits@^2.0.1, inherits@~2.0.1, inherits@~2.0.3:
  version "2.0.3"
  resolved "https://registry.yarnpkg.com/inherits/-/inherits-2.0.3.tgz#633c2c83e3da42a502f52466022480f4208261de"

isarray@0.0.1:
  version "0.0.1"
  resolved "https://registry.yarnpkg.com/isarray/-/isarray-0.0.1.tgz#8a18acfca9a8f4177e09abfc6038939b05d1eedf"

isarray@~1.0.0:
  version "1.0.0"
  resolved "https://registry.yarnpkg.com/isarray/-/isarray-1.0.0.tgz#bb935d48582cba168c06834957a54a3e07124f11"

libpq@^1.7.0:
  version "1.8.8"
  resolved "https://registry.yarnpkg.com/libpq/-/libpq-1.8.8.tgz#805005723c15c061185ae5cd8128b6e4174c1810"
  dependencies:
    bindings "1.2.1"
    nan "^2.10.0"

nan@2.8.0:
  version "2.8.0"
  resolved "https://registry.yarnpkg.com/nan/-/nan-2.8.0.tgz#ed715f3fe9de02b57a5e6252d90a96675e1f085a"

nan@^2.10.0:
  version "2.10.0"
  resolved "https://registry.yarnpkg.com/nan/-/nan-2.10.0.tgz#96d0cd610ebd58d4b4de9cc0c6828cda99c7548f"

negotiator@^0.6.1:
  version "0.6.1"
  resolved "https://registry.yarnpkg.com/negotiator/-/negotiator-0.6.1.tgz#2b327184e8992101177b28563fb5e7102acd0ca9"

nth-check@^1.0.1:
  version "1.0.1"
  resolved "https://registry.yarnpkg.com/nth-check/-/nth-check-1.0.1.tgz#9929acdf628fc2c41098deab82ac580cf149aae4"
  dependencies:
    boolbase "~1.0.0"

packet-reader@0.3.1:
  version "0.3.1"
  resolved "https://registry.yarnpkg.com/packet-reader/-/packet-reader-0.3.1.tgz#cd62e60af8d7fea8a705ec4ff990871c46871f27"

pg-connection-string@0.1.3:
  version "0.1.3"
  resolved "https://registry.yarnpkg.com/pg-connection-string/-/pg-connection-string-0.1.3.tgz#da1847b20940e42ee1492beaf65d49d91b245df7"

pg-int8@1.0.1:
  version "1.0.1"
  resolved "https://registry.yarnpkg.com/pg-int8/-/pg-int8-1.0.1.tgz#943bd463bf5b71b4170115f80f8efc9a0c0eb78c"

pg-native@^2.2.0:
  version "2.2.0"
  resolved "https://registry.yarnpkg.com/pg-native/-/pg-native-2.2.0.tgz#bc84756f4ecbf600ff7cb48ea5854141830cf1e4"
  dependencies:
    libpq "^1.7.0"
    pg-types "^1.12.1"
    readable-stream "1.0.31"

pg-pool@~2.0.3:
  version "2.0.3"
  resolved "https://registry.yarnpkg.com/pg-pool/-/pg-pool-2.0.3.tgz#c022032c8949f312a4f91fb6409ce04076be3257"

pg-types@^1.12.1:
  version "1.13.0"
  resolved "https://registry.yarnpkg.com/pg-types/-/pg-types-1.13.0.tgz#75f490b8a8abf75f1386ef5ec4455ecf6b345c63"
  dependencies:
    pg-int8 "1.0.1"
    postgres-array "~1.0.0"
    postgres-bytea "~1.0.0"
    postgres-date "~1.0.0"
    postgres-interval "^1.1.0"

pg-types@~1.12.1:
  version "1.12.1"
  resolved "https://registry.yarnpkg.com/pg-types/-/pg-types-1.12.1.tgz#d64087e3903b58ffaad279e7595c52208a14c3d2"
  dependencies:
    postgres-array "~1.0.0"
    postgres-bytea "~1.0.0"
    postgres-date "~1.0.0"
    postgres-interval "^1.1.0"

pg@^7.4.1:
  version "7.4.3"
  resolved "https://registry.yarnpkg.com/pg/-/pg-7.4.3.tgz#f7b6f93f5340ecc2596afbb94a13e3d6b609834b"
  dependencies:
    buffer-writer "1.0.1"
    packet-reader "0.3.1"
    pg-connection-string "0.1.3"
    pg-pool "~2.0.3"
    pg-types "~1.12.1"
    pgpass "1.x"
    semver "4.3.2"

pgpass@1.x:
  version "1.0.2"
  resolved "https://registry.yarnpkg.com/pgpass/-/pgpass-1.0.2.tgz#2a7bb41b6065b67907e91da1b07c1847c877b306"
  dependencies:
    split "^1.0.0"

postgres-array@~1.0.0:
  version "1.0.2"
  resolved "https://registry.yarnpkg.com/postgres-array/-/postgres-array-1.0.2.tgz#8e0b32eb03bf77a5c0a7851e0441c169a256a238"

postgres-bytea@~1.0.0:
  version "1.0.0"
  resolved "https://registry.yarnpkg.com/postgres-bytea/-/postgres-bytea-1.0.0.tgz#027b533c0aa890e26d172d47cf9ccecc521acd35"

postgres-date@~1.0.0:
  version "1.0.3"
  resolved "https://registry.yarnpkg.com/postgres-date/-/postgres-date-1.0.3.tgz#e2d89702efdb258ff9d9cee0fe91bd06975257a8"

postgres-interval@^1.1.0:
  version "1.1.1"
  resolved "https://registry.yarnpkg.com/postgres-interval/-/postgres-interval-1.1.1.tgz#acdb0f897b4b1c6e496d9d4e0a853e1c428f06f0"
  dependencies:
    xtend "^4.0.0"

process-nextick-args@~2.0.0:
  version "2.0.0"
  resolved "https://registry.yarnpkg.com/process-nextick-args/-/process-nextick-args-2.0.0.tgz#a37d732f4271b4ab1ad070d35508e8290788ffaa"

readable-stream@1.0.31:
  version "1.0.31"
  resolved "https://registry.yarnpkg.com/readable-stream/-/readable-stream-1.0.31.tgz#8f2502e0bc9e3b0da1b94520aabb4e2603ecafae"
  dependencies:
    core-util-is "~1.0.0"
    inherits "~2.0.1"
    isarray "0.0.1"
    string_decoder "~0.10.x"

readable-stream@1.1.x:
  version "1.1.14"
  resolved "https://registry.yarnpkg.com/readable-stream/-/readable-stream-1.1.14.tgz#7cf4c54ef648e3813084c636dd2079e166c081d9"
  dependencies:
    core-util-is "~1.0.0"
    inherits "~2.0.1"
    isarray "0.0.1"
    string_decoder "~0.10.x"

readable-stream@^2.0.2:
  version "2.3.6"
  resolved "https://registry.yarnpkg.com/readable-stream/-/readable-stream-2.3.6.tgz#b11c27d88b8ff1fbe070643cf94b0c79ae1b0aaf"
  dependencies:
    core-util-is "~1.0.0"
    inherits "~2.0.3"
    isarray "~1.0.0"
    process-nextick-args "~2.0.0"
    safe-buffer "~5.1.1"
    string_decoder "~1.1.1"
    util-deprecate "~1.0.1"

safe-buffer@~5.1.0, safe-buffer@~5.1.1:
  version "5.1.2"
  resolved "https://registry.yarnpkg.com/safe-buffer/-/safe-buffer-5.1.2.tgz#991ec69d296e0313747d59bdfd2b745c35f8828d"

semver@4.3.2:
  version "4.3.2"
  resolved "https://registry.yarnpkg.com/semver/-/semver-4.3.2.tgz#c7a07158a80bedd052355b770d82d6640f803be7"

simulacra@^2.1.7:
  version "2.1.12"
  resolved "https://registry.yarnpkg.com/simulacra/-/simulacra-2.1.12.tgz#7e15d54ea54949089a1c8acd389a7c9aa424bfe6"
  dependencies:
    css-select "^1.3.0-rc0"
    dom-serializer "^0.1.0"
    htmlparser2 "^3.9.2"

source-map@0.5.x:
  version "0.5.7"
  resolved "https://registry.yarnpkg.com/source-map/-/source-map-0.5.7.tgz#8a039d2d1021d22d1ea14c80d8ea468ba2ef3fcc"

split@^1.0.0:
  version "1.0.1"
  resolved "https://registry.yarnpkg.com/split/-/split-1.0.1.tgz#605bd9be303aa59fb35f9229fbea0ddec9ea07d9"
  dependencies:
    through "2"

sse4_crc32@^5.0.0:
  version "5.2.0"
  resolved "https://registry.yarnpkg.com/sse4_crc32/-/sse4_crc32-5.2.0.tgz#f65b192105b1e367683ca1422a0614e1d1da3c15"
  dependencies:
    bindings "~1.2.1"
    nan "2.8.0"

streamsearch@0.1.2:
  version "0.1.2"
  resolved "https://registry.yarnpkg.com/streamsearch/-/streamsearch-0.1.2.tgz#808b9d0e56fc273d809ba57338e929919a1a9f1a"

string_decoder@~0.10.x:
  version "0.10.31"
  resolved "https://registry.yarnpkg.com/string_decoder/-/string_decoder-0.10.31.tgz#62e203bc41766c6c28c9fc84301dab1c5310fa94"

string_decoder@~1.1.1:
  version "1.1.1"
  resolved "https://registry.yarnpkg.com/string_decoder/-/string_decoder-1.1.1.tgz#9cf1611ba62685d7030ae9e4ba34149c3af03fc8"
  dependencies:
    safe-buffer "~5.1.0"

through@2:
  version "2.3.8"
  resolved "https://registry.yarnpkg.com/through/-/through-2.3.8.tgz#0dd4c9ffaabc357960b1b724115d7e0e86a2e1f5"

util-deprecate@~1.0.1:
  version "1.0.2"
  resolved "https://registry.yarnpkg.com/util-deprecate/-/util-deprecate-1.0.2.tgz#450d4dc9fa70de732762fbd2d4a28981419a0ccf"

xtend@^4.0.0:
  version "4.0.1"
  resolved "https://registry.yarnpkg.com/xtend/-/xtend-4.0.1.tgz#a5c6d532be656e23db820efb943a1f04998d63af"
